
Microsoft Visual Studio Solution File, Format Version 12.00
# Visual Studio 2013
VisualStudioVersion = 12.0.40629.0
MinimumVisualStudioVersion = 10.0.40219.1
Project("{FAE04EC0-301F-11D3-BF4B-00C04F79EFBC}") = "AnotherTetrisCross.Droid", "AnotherTetrisCross\AnotherTetrisCross.Droid\AnotherTetrisCross.Droid.csproj", "{A5D95612-98D2-4A25-BB6A-04C6EBAC3A86}"
EndProject
Project("{FAE04EC0-301F-11D3-BF4B-00C04F79EFBC}") = "AnotherTetrisCross.Windows", "AnotherTetrisCross\AnotherTetrisCross.Windows\AnotherTetrisCross.Windows.csproj", "{F0E38F20-3998-4697-9C02-10EBB3FDFD88}"
EndProject
Project("{FAE04EC0-301F-11D3-BF4B-00C04F79EFBC}") = "AnotherTetrisCross", "AnotherTetrisCross\AnotherTetrisCross\AnotherTetrisCross.csproj", "{A7618B4F-9138-4B0E-AFFA-2DD93062728B}"
EndProject
Project("{FAE04EC0-301F-11D3-BF4B-00C04F79EFBC}") = "TetrisModel", "TetrisModel\TetrisModel.csproj", "{67F9D3A8-F71E-4428-913F-C37AE82CDB24}"
EndProject
Global
	GlobalSection(SolutionConfigurationPlatforms) = preSolution
		Ad-Hoc|Any CPU = Ad-Hoc|Any CPU
		Ad-Hoc|ARM = Ad-Hoc|ARM
		Ad-Hoc|iPhone = Ad-Hoc|iPhone
		Ad-Hoc|iPhoneSimulator = Ad-Hoc|iPhoneSimulator
		Ad-Hoc|Mixed Platforms = Ad-Hoc|Mixed Platforms
		Ad-Hoc|x64 = Ad-Hoc|x64
		Ad-Hoc|x86 = Ad-Hoc|x86
		AppStore|Any CPU = AppStore|Any CPU
		AppStore|ARM = AppStore|ARM
		AppStore|iPhone = AppStore|iPhone
		AppStore|iPhoneSimulator = AppStore|iPhoneSimulator
		AppStore|Mixed Platforms = AppStore|Mixed Platforms
		AppStore|x64 = AppStore|x64
		AppStore|x86 = AppStore|x86
		Debug|Any CPU = Debug|Any CPU
		Debug|ARM = Debug|ARM
		Debug|iPhone = Debug|iPhone
		Debug|iPhoneSimulator = Debug|iPhoneSimulator
		Debug|Mixed Platforms = Debug|Mixed Platforms
		Debug|x64 = Debug|x64
		Debug|x86 = Debug|x86
		Release|Any CPU = Release|Any CPU
		Release|ARM = Release|ARM
		Release|iPhone = Release|iPhone
		Release|iPhoneSimulator = Release|iPhoneSimulator
		Release|Mixed Platforms = Release|Mixed Platforms
		Release|x64 = Release|x64
		Release|x86 = Release|x86
	EndGlobalSection
	GlobalSection(ProjectConfigurationPlatforms) = postSolution
		{A5D95612-98D2-4A25-BB6A-04C6EBAC3A86}.Ad-Hoc|Any CPU.ActiveCfg = Release|Any CPU
		{A5D95612-98D2-4A25-BB6A-04C6EBAC3A86}.Ad-Hoc|Any CPU.Build.0 = Release|Any CPU
		{A5D95612-98D2-4A25-BB6A-04C6EBAC3A86}.Ad-Hoc|Any CPU.Deploy.0 = Release|Any CPU
		{A5D95612-98D2-4A25-BB6A-04C6EBAC3A86}.Ad-Hoc|ARM.ActiveCfg = Release|Any CPU
		{A5D95612-98D2-4A25-BB6A-04C6EBAC3A86}.Ad-Hoc|iPhone.ActiveCfg = Release|Any CPU
		{A5D95612-98D2-4A25-BB6A-04C6EBAC3A86}.Ad-Hoc|iPhoneSimulator.ActiveCfg = Release|Any CPU
		{A5D95612-98D2-4A25-BB6A-04C6EBAC3A86}.Ad-Hoc|Mixed Platforms.ActiveCfg = Release|Any CPU
		{A5D95612-98D2-4A25-BB6A-04C6EBAC3A86}.Ad-Hoc|Mixed Platforms.Build.0 = Release|Any CPU
		{A5D95612-98D2-4A25-BB6A-04C6EBAC3A86}.Ad-Hoc|Mixed Platforms.Deploy.0 = Release|Any CPU
		{A5D95612-98D2-4A25-BB6A-04C6EBAC3A86}.Ad-Hoc|x64.ActiveCfg = Release|Any CPU
		{A5D95612-98D2-4A25-BB6A-04C6EBAC3A86}.Ad-Hoc|x86.ActiveCfg = Release|Any CPU
		{A5D95612-98D2-4A25-BB6A-04C6EBAC3A86}.AppStore|Any CPU.ActiveCfg = Release|Any CPU
		{A5D95612-98D2-4A25-BB6A-04C6EBAC3A86}.AppStore|Any CPU.Build.0 = Release|Any CPU
		{A5D95612-98D2-4A25-BB6A-04C6EBAC3A86}.AppStore|Any CPU.Deploy.0 = Release|Any CPU
		{A5D95612-98D2-4A25-BB6A-04C6EBAC3A86}.AppStore|ARM.ActiveCfg = Release|Any CPU
		{A5D95612-98D2-4A25-BB6A-04C6EBAC3A86}.AppStore|iPhone.ActiveCfg = Release|Any CPU
		{A5D95612-98D2-4A25-BB6A-04C6EBAC3A86}.AppStore|iPhoneSimulator.ActiveCfg = Release|Any CPU
		{A5D95612-98D2-4A25-BB6A-04C6EBAC3A86}.AppStore|Mixed Platforms.ActiveCfg = Release|Any CPU
		{A5D95612-98D2-4A25-BB6A-04C6EBAC3A86}.AppStore|Mixed Platforms.Build.0 = Release|Any CPU
		{A5D95612-98D2-4A25-BB6A-04C6EBAC3A86}.AppStore|Mixed Platforms.Deploy.0 = Release|Any CPU
		{A5D95612-98D2-4A25-BB6A-04C6EBAC3A86}.AppStore|x64.ActiveCfg = Release|Any CPU
		{A5D95612-98D2-4A25-BB6A-04C6EBAC3A86}.AppStore|x86.ActiveCfg = Release|Any CPU
		{A5D95612-98D2-4A25-BB6A-04C6EBAC3A86}.Debug|Any CPU.ActiveCfg = Debug|Any CPU
		{A5D95612-98D2-4A25-BB6A-04C6EBAC3A86}.Debug|Any CPU.Build.0 = Debug|Any CPU
		{A5D95612-98D2-4A25-BB6A-04C6EBAC3A86}.Debug|Any CPU.Deploy.0 = Debug|Any CPU
		{A5D95612-98D2-4A25-BB6A-04C6EBAC3A86}.Debug|ARM.ActiveCfg = Debug|Any CPU
		{A5D95612-98D2-4A25-BB6A-04C6EBAC3A86}.Debug|iPhone.ActiveCfg = Debug|Any CPU
		{A5D95612-98D2-4A25-BB6A-04C6EBAC3A86}.Debug|iPhoneSimulator.ActiveCfg = Debug|Any CPU
		{A5D95612-98D2-4A25-BB6A-04C6EBAC3A86}.Debug|Mixed Platforms.ActiveCfg = Debug|Any CPU
		{A5D95612-98D2-4A25-BB6A-04C6EBAC3A86}.Debug|Mixed Platforms.Build.0 = Debug|Any CPU
		{A5D95612-98D2-4A25-BB6A-04C6EBAC3A86}.Debug|Mixed Platforms.Deploy.0 = Debug|Any CPU
		{A5D95612-98D2-4A25-BB6A-04C6EBAC3A86}.Debug|x64.ActiveCfg = Debug|Any CPU
		{A5D95612-98D2-4A25-BB6A-04C6EBAC3A86}.Debug|x86.ActiveCfg = Debug|Any CPU
		{A5D95612-98D2-4A25-BB6A-04C6EBAC3A86}.Release|Any CPU.ActiveCfg = Release|Any CPU
		{A5D95612-98D2-4A25-BB6A-04C6EBAC3A86}.Release|Any CPU.Build.0 = Release|Any CPU
		{A5D95612-98D2-4A25-BB6A-04C6EBAC3A86}.Release|Any CPU.Deploy.0 = Release|Any CPU
		{A5D95612-98D2-4A25-BB6A-04C6EBAC3A86}.Release|ARM.ActiveCfg = Release|Any CPU
		{A5D95612-98D2-4A25-BB6A-04C6EBAC3A86}.Release|iPhone.ActiveCfg = Release|Any CPU
		{A5D95612-98D2-4A25-BB6A-04C6EBAC3A86}.Release|iPhoneSimulator.ActiveCfg = Release|Any CPU
		{A5D95612-98D2-4A25-BB6A-04C6EBAC3A86}.Release|Mixed Platforms.ActiveCfg = Release|Any CPU
		{A5D95612-98D2-4A25-BB6A-04C6EBAC3A86}.Release|Mixed Platforms.Build.0 = Release|Any CPU
		{A5D95612-98D2-4A25-BB6A-04C6EBAC3A86}.Release|Mixed Platforms.Deploy.0 = Release|Any CPU
		{A5D95612-98D2-4A25-BB6A-04C6EBAC3A86}.Release|x64.ActiveCfg = Release|Any CPU
		{A5D95612-98D2-4A25-BB6A-04C6EBAC3A86}.Release|x86.ActiveCfg = Release|Any CPU
		{F0E38F20-3998-4697-9C02-10EBB3FDFD88}.Ad-Hoc|Any CPU.ActiveCfg = Release|Any CPU
		{F0E38F20-3998-4697-9C02-10EBB3FDFD88}.Ad-Hoc|Any CPU.Build.0 = Release|Any CPU
		{F0E38F20-3998-4697-9C02-10EBB3FDFD88}.Ad-Hoc|Any CPU.Deploy.0 = Release|Any CPU
		{F0E38F20-3998-4697-9C02-10EBB3FDFD88}.Ad-Hoc|ARM.ActiveCfg = Release|ARM
		{F0E38F20-3998-4697-9C02-10EBB3FDFD88}.Ad-Hoc|ARM.Build.0 = Release|ARM
		{F0E38F20-3998-4697-9C02-10EBB3FDFD88}.Ad-Hoc|ARM.Deploy.0 = Release|ARM
		{F0E38F20-3998-4697-9C02-10EBB3FDFD88}.Ad-Hoc|iPhone.ActiveCfg = Release|Any CPU
		{F0E38F20-3998-4697-9C02-10EBB3FDFD88}.Ad-Hoc|iPhoneSimulator.ActiveCfg = Release|Any CPU
		{F0E38F20-3998-4697-9C02-10EBB3FDFD88}.Ad-Hoc|Mixed Platforms.ActiveCfg = Release|x86
		{F0E38F20-3998-4697-9C02-10EBB3FDFD88}.Ad-Hoc|Mixed Platforms.Build.0 = Release|x86
		{F0E38F20-3998-4697-9C02-10EBB3FDFD88}.Ad-Hoc|Mixed Platforms.Deploy.0 = Release|x86
		{F0E38F20-3998-4697-9C02-10EBB3FDFD88}.Ad-Hoc|x64.ActiveCfg = Release|x64
		{F0E38F20-3998-4697-9C02-10EBB3FDFD88}.Ad-Hoc|x64.Build.0 = Release|x64
		{F0E38F20-3998-4697-9C02-10EBB3FDFD88}.Ad-Hoc|x64.Deploy.0 = Release|x64
		{F0E38F20-3998-4697-9C02-10EBB3FDFD88}.Ad-Hoc|x86.ActiveCfg = Release|x86
		{F0E38F20-3998-4697-9C02-10EBB3FDFD88}.Ad-Hoc|x86.Build.0 = Release|x86
		{F0E38F20-3998-4697-9C02-10EBB3FDFD88}.Ad-Hoc|x86.Deploy.0 = Release|x86
		{F0E38F20-3998-4697-9C02-10EBB3FDFD88}.AppStore|Any CPU.ActiveCfg = Release|Any CPU
		{F0E38F20-3998-4697-9C02-10EBB3FDFD88}.AppStore|Any CPU.Build.0 = Release|Any CPU
		{F0E38F20-3998-4697-9C02-10EBB3FDFD88}.AppStore|Any CPU.Deploy.0 = Release|Any CPU
		{F0E38F20-3998-4697-9C02-10EBB3FDFD88}.AppStore|ARM.ActiveCfg = Release|ARM
		{F0E38F20-3998-4697-9C02-10EBB3FDFD88}.AppStore|ARM.Build.0 = Release|ARM
		{F0E38F20-3998-4697-9C02-10EBB3FDFD88}.AppStore|ARM.Deploy.0 = Release|ARM
		{F0E38F20-3998-4697-9C02-10EBB3FDFD88}.AppStore|iPhone.ActiveCfg = Release|Any CPU
		{F0E38F20-3998-4697-9C02-10EBB3FDFD88}.AppStore|iPhoneSimulator.ActiveCfg = Release|Any CPU
		{F0E38F20-3998-4697-9C02-10EBB3FDFD88}.AppStore|Mixed Platforms.ActiveCfg = Release|x86
		{F0E38F20-3998-4697-9C02-10EBB3FDFD88}.AppStore|Mixed Platforms.Build.0 = Release|x86
		{F0E38F20-3998-4697-9C02-10EBB3FDFD88}.AppStore|Mixed Platforms.Deploy.0 = Release|x86
		{F0E38F20-3998-4697-9C02-10EBB3FDFD88}.AppStore|x64.ActiveCfg = Release|x64
		{F0E38F20-3998-4697-9C02-10EBB3FDFD88}.AppStore|x64.Build.0 = Release|x64
		{F0E38F20-3998-4697-9C02-10EBB3FDFD88}.AppStore|x64.Deploy.0 = Release|x64
		{F0E38F20-3998-4697-9C02-10EBB3FDFD88}.AppStore|x86.ActiveCfg = Release|x86
		{F0E38F20-3998-4697-9C02-10EBB3FDFD88}.AppStore|x86.Build.0 = Release|x86
		{F0E38F20-3998-4697-9C02-10EBB3FDFD88}.AppStore|x86.Deploy.0 = Release|x86
		{F0E38F20-3998-4697-9C02-10EBB3FDFD88}.Debug|Any CPU.ActiveCfg = Debug|Any CPU
		{F0E38F20-3998-4697-9C02-10EBB3FDFD88}.Debug|Any CPU.Build.0 = Debug|Any CPU
		{F0E38F20-3998-4697-9C02-10EBB3FDFD88}.Debug|Any CPU.Deploy.0 = Debug|Any CPU
		{F0E38F20-3998-4697-9C02-10EBB3FDFD88}.Debug|ARM.ActiveCfg = Debug|ARM
		{F0E38F20-3998-4697-9C02-10EBB3FDFD88}.Debug|ARM.Build.0 = Debug|ARM
		{F0E38F20-3998-4697-9C02-10EBB3FDFD88}.Debug|ARM.Deploy.0 = Debug|ARM
		{F0E38F20-3998-4697-9C02-10EBB3FDFD88}.Debug|iPhone.ActiveCfg = Debug|Any CPU
		{F0E38F20-3998-4697-9C02-10EBB3FDFD88}.Debug|iPhoneSimulator.ActiveCfg = Debug|Any CPU
		{F0E38F20-3998-4697-9C02-10EBB3FDFD88}.Debug|Mixed Platforms.ActiveCfg = Debug|x86
		{F0E38F20-3998-4697-9C02-10EBB3FDFD88}.Debug|Mixed Platforms.Build.0 = Debug|x86
		{F0E38F20-3998-4697-9C02-10EBB3FDFD88}.Debug|Mixed Platforms.Deploy.0 = Debug|x86
		{F0E38F20-3998-4697-9C02-10EBB3FDFD88}.Debug|x64.ActiveCfg = Debug|x64
		{F0E38F20-3998-4697-9C02-10EBB3FDFD88}.Debug|x64.Build.0 = Debug|x64
		{F0E38F20-3998-4697-9C02-10EBB3FDFD88}.Debug|x64.Deploy.0 = Debug|x64
		{F0E38F20-3998-4697-9C02-10EBB3FDFD88}.Debug|x86.ActiveCfg = Debug|x86
		{F0E38F20-3998-4697-9C02-10EBB3FDFD88}.Debug|x86.Build.0 = Debug|x86
		{F0E38F20-3998-4697-9C02-10EBB3FDFD88}.Debug|x86.Deploy.0 = Debug|x86
		{F0E38F20-3998-4697-9C02-10EBB3FDFD88}.Release|Any CPU.ActiveCfg = Release|Any CPU
		{F0E38F20-3998-4697-9C02-10EBB3FDFD88}.Release|Any CPU.Build.0 = Release|Any CPU
		{F0E38F20-3998-4697-9C02-10EBB3FDFD88}.Release|Any CPU.Deploy.0 = Release|Any CPU
		{F0E38F20-3998-4697-9C02-10EBB3FDFD88}.Release|ARM.ActiveCfg = Release|ARM
		{F0E38F20-3998-4697-9C02-10EBB3FDFD88}.Release|ARM.Build.0 = Release|ARM
		{F0E38F20-3998-4697-9C02-10EBB3FDFD88}.Release|ARM.Deploy.0 = Release|ARM
		{F0E38F20-3998-4697-9C02-10EBB3FDFD88}.Release|iPhone.ActiveCfg = Release|Any CPU
		{F0E38F20-3998-4697-9C02-10EBB3FDFD88}.Release|iPhoneSimulator.ActiveCfg = Release|Any CPU
		{F0E38F20-3998-4697-9C02-10EBB3FDFD88}.Release|Mixed Platforms.ActiveCfg = Release|x86
		{F0E38F20-3998-4697-9C02-10EBB3FDFD88}.Release|Mixed Platforms.Build.0 = Release|x86
		{F0E38F20-3998-4697-9C02-10EBB3FDFD88}.Release|Mixed Platforms.Deploy.0 = Release|x86
		{F0E38F20-3998-4697-9C02-10EBB3FDFD88}.Release|x64.ActiveCfg = Release|x64
		{F0E38F20-3998-4697-9C02-10EBB3FDFD88}.Release|x64.Build.0 = Release|x64
		{F0E38F20-3998-4697-9C02-10EBB3FDFD88}.Release|x64.Deploy.0 = Release|x64
		{F0E38F20-3998-4697-9C02-10EBB3FDFD88}.Release|x86.ActiveCfg = Release|x86
		{F0E38F20-3998-4697-9C02-10EBB3FDFD88}.Release|x86.Build.0 = Release|x86
		{F0E38F20-3998-4697-9C02-10EBB3FDFD88}.Release|x86.Deploy.0 = Release|x86
		{A7618B4F-9138-4B0E-AFFA-2DD93062728B}.Ad-Hoc|Any CPU.ActiveCfg = Release|Any CPU
		{A7618B4F-9138-4B0E-AFFA-2DD93062728B}.Ad-Hoc|Any CPU.Build.0 = Release|Any CPU
		{A7618B4F-9138-4B0E-AFFA-2DD93062728B}.Ad-Hoc|ARM.ActiveCfg = Release|Any CPU
		{A7618B4F-9138-4B0E-AFFA-2DD93062728B}.Ad-Hoc|iPhone.ActiveCfg = Release|Any CPU
		{A7618B4F-9138-4B0E-AFFA-2DD93062728B}.Ad-Hoc|iPhone.Build.0 = Release|Any CPU
		{A7618B4F-9138-4B0E-AFFA-2DD93062728B}.Ad-Hoc|iPhoneSimulator.ActiveCfg = Release|Any CPU
		{A7618B4F-9138-4B0E-AFFA-2DD93062728B}.Ad-Hoc|iPhoneSimulator.Build.0 = Release|Any CPU
		{A7618B4F-9138-4B0E-AFFA-2DD93062728B}.Ad-Hoc|Mixed Platforms.ActiveCfg = Release|Any CPU
		{A7618B4F-9138-4B0E-AFFA-2DD93062728B}.Ad-Hoc|Mixed Platforms.Build.0 = Release|Any CPU
		{A7618B4F-9138-4B0E-AFFA-2DD93062728B}.Ad-Hoc|x64.ActiveCfg = Release|Any CPU
		{A7618B4F-9138-4B0E-AFFA-2DD93062728B}.Ad-Hoc|x86.ActiveCfg = Release|Any CPU
		{A7618B4F-9138-4B0E-AFFA-2DD93062728B}.AppStore|Any CPU.ActiveCfg = Release|Any CPU
		{A7618B4F-9138-4B0E-AFFA-2DD93062728B}.AppStore|Any CPU.Build.0 = Release|Any CPU
		{A7618B4F-9138-4B0E-AFFA-2DD93062728B}.AppStore|ARM.ActiveCfg = Release|Any CPU
		{A7618B4F-9138-4B0E-AFFA-2DD93062728B}.AppStore|iPhone.ActiveCfg = Release|Any CPU
		{A7618B4F-9138-4B0E-AFFA-2DD93062728B}.AppStore|iPhone.Build.0 = Release|Any CPU
		{A7618B4F-9138-4B0E-AFFA-2DD93062728B}.AppStore|iPhoneSimulator.ActiveCfg = Release|Any CPU
		{A7618B4F-9138-4B0E-AFFA-2DD93062728B}.AppStore|iPhoneSimulator.Build.0 = Release|Any CPU
		{A7618B4F-9138-4B0E-AFFA-2DD93062728B}.AppStore|Mixed Platforms.ActiveCfg = Release|Any CPU
		{A7618B4F-9138-4B0E-AFFA-2DD93062728B}.AppStore|Mixed Platforms.Build.0 = Release|Any CPU
		{A7618B4F-9138-4B0E-AFFA-2DD93062728B}.AppStore|x64.ActiveCfg = Release|Any CPU
		{A7618B4F-9138-4B0E-AFFA-2DD93062728B}.AppStore|x86.ActiveCfg = Release|Any CPU
		{A7618B4F-9138-4B0E-AFFA-2DD93062728B}.Debug|Any CPU.ActiveCfg = Debug|Any CPU
		{A7618B4F-9138-4B0E-AFFA-2DD93062728B}.Debug|Any CPU.Build.0 = Debug|Any CPU
		{A7618B4F-9138-4B0E-AFFA-2DD93062728B}.Debug|ARM.ActiveCfg = Debug|Any CPU
		{A7618B4F-9138-4B0E-AFFA-2DD93062728B}.Debug|iPhone.ActiveCfg = Debug|Any CPU
		{A7618B4F-9138-4B0E-AFFA-2DD93062728B}.Debug|iPhone.Build.0 = Debug|Any CPU
		{A7618B4F-9138-4B0E-AFFA-2DD93062728B}.Debug|iPhoneSimulator.ActiveCfg = Debug|Any CPU
		{A7618B4F-9138-4B0E-AFFA-2DD93062728B}.Debug|iPhoneSimulator.Build.0 = Debug|Any CPU
		{A7618B4F-9138-4B0E-AFFA-2DD93062728B}.Debug|Mixed Platforms.ActiveCfg = Debug|Any CPU
		{A7618B4F-9138-4B0E-AFFA-2DD93062728B}.Debug|Mixed Platforms.Build.0 = Debug|Any CPU
		{A7618B4F-9138-4B0E-AFFA-2DD93062728B}.Debug|x64.ActiveCfg = Debug|Any CPU
		{A7618B4F-9138-4B0E-AFFA-2DD93062728B}.Debug|x86.ActiveCfg = Debug|Any CPU
		{A7618B4F-9138-4B0E-AFFA-2DD93062728B}.Release|Any CPU.ActiveCfg = Release|Any CPU
		{A7618B4F-9138-4B0E-AFFA-2DD93062728B}.Release|Any CPU.Build.0 = Release|Any CPU
		{A7618B4F-9138-4B0E-AFFA-2DD93062728B}.Release|ARM.ActiveCfg = Release|Any CPU
		{A7618B4F-9138-4B0E-AFFA-2DD93062728B}.Release|iPhone.ActiveCfg = Release|Any CPU
		{A7618B4F-9138-4B0E-AFFA-2DD93062728B}.Release|iPhone.Build.0 = Release|Any CPU
		{A7618B4F-9138-4B0E-AFFA-2DD93062728B}.Release|iPhoneSimulator.ActiveCfg = Release|Any CPU
		{A7618B4F-9138-4B0E-AFFA-2DD93062728B}.Release|iPhoneSimulator.Build.0 = Release|Any CPU
		{A7618B4F-9138-4B0E-AFFA-2DD93062728B}.Release|Mixed Platforms.ActiveCfg = Release|Any CPU
		{A7618B4F-9138-4B0E-AFFA-2DD93062728B}.Release|Mixed Platforms.Build.0 = Release|Any CPU
		{A7618B4F-9138-4B0E-AFFA-2DD93062728B}.Release|x64.ActiveCfg = Release|Any CPU
		{A7618B4F-9138-4B0E-AFFA-2DD93062728B}.Release|x86.ActiveCfg = Release|Any CPU
		{67F9D3A8-F71E-4428-913F-C37AE82CDB24}.Ad-Hoc|Any CPU.ActiveCfg = Release|Any CPU
		{67F9D3A8-F71E-4428-913F-C37AE82CDB24}.Ad-Hoc|Any CPU.Build.0 = Release|Any CPU
		{67F9D3A8-F71E-4428-913F-C37AE82CDB24}.Ad-Hoc|ARM.ActiveCfg = Release|Any CPU
		{67F9D3A8-F71E-4428-913F-C37AE82CDB24}.Ad-Hoc|iPhone.ActiveCfg = Release|Any CPU
		{67F9D3A8-F71E-4428-913F-C37AE82CDB24}.Ad-Hoc|iPhoneSimulator.ActiveCfg = Release|Any CPU
		{67F9D3A8-F71E-4428-913F-C37AE82CDB24}.Ad-Hoc|Mixed Platforms.ActiveCfg = Release|Any CPU
		{67F9D3A8-F71E-4428-913F-C37AE82CDB24}.Ad-Hoc|Mixed Platforms.Build.0 = Release|Any CPU
		{67F9D3A8-F71E-4428-913F-C37AE82CDB24}.Ad-Hoc|x64.ActiveCfg = Release|Any CPU
		{67F9D3A8-F71E-4428-913F-C37AE82CDB24}.Ad-Hoc|x86.ActiveCfg = Release|Any CPU
		{67F9D3A8-F71E-4428-913F-C37AE82CDB24}.AppStore|Any CPU.ActiveCfg = Release|Any CPU
		{67F9D3A8-F71E-4428-913F-C37AE82CDB24}.AppStore|Any CPU.Build.0 = Release|Any CPU
		{67F9D3A8-F71E-4428-913F-C37AE82CDB24}.AppStore|ARM.ActiveCfg = Release|Any CPU
		{67F9D3A8-F71E-4428-913F-C37AE82CDB24}.AppStore|iPhone.ActiveCfg = Release|Any CPU
		{67F9D3A8-F71E-4428-913F-C37AE82CDB24}.AppStore|iPhoneSimulator.ActiveCfg = Release|Any CPU
		{67F9D3A8-F71E-4428-913F-C37AE82CDB24}.AppStore|Mixed Platforms.ActiveCfg = Release|Any CPU
		{67F9D3A8-F71E-4428-913F-C37AE82CDB24}.AppStore|Mixed Platforms.Build.0 = Release|Any CPU
		{67F9D3A8-F71E-4428-913F-C37AE82CDB24}.AppStore|x64.ActiveCfg = Release|Any CPU
		{67F9D3A8-F71E-4428-913F-C37AE82CDB24}.AppStore|x86.ActiveCfg = Release|Any CPU
		{67F9D3A8-F71E-4428-913F-C37AE82CDB24}.Debug|Any CPU.ActiveCfg = Debug|Any CPU
		{67F9D3A8-F71E-4428-913F-C37AE82CDB24}.Debug|Any CPU.Build.0 = Debug|Any CPU
		{67F9D3A8-F71E-4428-913F-C37AE82CDB24}.Debug|ARM.ActiveCfg = Debug|Any CPU
		{67F9D3A8-F71E-4428-913F-C37AE82CDB24}.Debug|iPhone.ActiveCfg = Debug|Any CPU
		{67F9D3A8-F71E-4428-913F-C37AE82CDB24}.Debug|iPhoneSimulator.ActiveCfg = Debug|Any CPU
		{67F9D3A8-F71E-4428-913F-C37AE82CDB24}.Debug|Mixed Platforms.ActiveCfg = Debug|Any CPU
		{67F9D3A8-F71E-4428-913F-C37AE82CDB24}.Debug|Mixed Platforms.Build.0 = Debug|Any CPU
		{67F9D3A8-F71E-4428-913F-C37AE82CDB24}.Debug|x64.ActiveCfg = Debug|Any CPU
		{67F9D3A8-F71E-4428-913F-C37AE82CDB24}.Debug|x86.ActiveCfg = Debug|Any CPU
		{67F9D3A8-F71E-4428-913F-C37AE82CDB24}.Release|Any CPU.ActiveCfg = Release|Any CPU
		{67F9D3A8-F71E-4428-913F-C37AE82CDB24}.Release|Any CPU.Build.0 = Release|Any CPU
		{67F9D3A8-F71E-4428-913F-C37AE82CDB24}.Release|ARM.ActiveCfg = Release|Any CPU
		{67F9D3A8-F71E-4428-913F-C37AE82CDB24}.Release|iPhone.ActiveCfg = Release|Any CPU
		{67F9D3A8-F71E-4428-913F-C37AE82CDB24}.Release|iPhoneSimulator.ActiveCfg = Release|Any CPU
		{67F9D3A8-F71E-4428-913F-C37AE82CDB24}.Release|Mixed Platforms.ActiveCfg = Release|Any CPU
		{67F9D3A8-F71E-4428-913F-C37AE82CDB24}.Release|Mixed Platforms.Build.0 = Release|Any CPU
		{67F9D3A8-F71E-4428-913F-C37AE82CDB24}.Release|x64.ActiveCfg = Release|Any CPU
		{67F9D3A8-F71E-4428-913F-C37AE82CDB24}.Release|x86.ActiveCfg = Release|Any CPU
	EndGlobalSection
	GlobalSection(SolutionProperties) = preSolution
		HideSolutionNode = FALSE
	EndGlobalSection
EndGlobal
